github.com/adityatelange/hugo-PaperMod v0.0.0-20201126034024-b301d60f0328 h1:/ZQIReLnm7AZdhowx5A9n9CR3dQ2j1VWaqHZoP0yp+E=
github.com/adityatelange/hugo-PaperMod v0.0.0-20201126034024-b301d60f0328/go.mod h1:HCHxNMKYdGafUYjVV3ICiAqznZK2yH0iI53jqcDFDdQ=
github.com/adityatelange/hugo-PaperMod v0.0.0-20210127183530-778ee39137dc h1:jbjUEXJfVStjEc6Y8YElyy7qpi+bnf3Dk9vnc4Utq/w=
github.com/adityatelange/hugo-PaperMod v0.0.0-20210127183530-778ee39137dc/go.mod h1:HCHxNMKYdGafUYjVV3ICiAqznZK2yH0iI53jqcDFDdQ=
github.com/jonathanjanssens/hugo-casper3 v0.0.0-20210226145524-7e1ea26fe7be h1:k7ma7w2B4cr7R8rDfgrjdEIj5pvRni/MApP57SsmqjI=
github.com/jonathanjanssens/hugo-casper3 v0.0.0-20210226145524-7e1ea26fe7be/go.mod h1:yE0PdETecMIsBr4tO/G3oIZ4nCDI5+csw8Ctk7low0E=
